
Microsoft Visual Studio Solution File, Format Version 12.00
# Visual Studio 15
VisualStudioVersion = 15.0.28010.2016
MinimumVisualStudioVersion = 10.0.40219.1
Project("{FAE04EC0-301F-11D3-BF4B-00C04F79EFBC}") = "Cef2Projects", "Cef2Projects\Cef2Projects.csproj", "{88B23E8B-0540-4EC1-8746-E946B56B888D}"
EndProject
Global
	GlobalSection(SolutionConfigurationPlatforms) = preSolution
		Debug|Any CPU = Debug|Any CPU
		Release|Any CPU = Release|Any CPU
	EndGlobalSection
	GlobalSection(ProjectConfigurationPlatforms) = postSolution
		{88B23E8B-0540-4EC1-8746-E946B56B888D}.Debug|Any CPU.ActiveCfg = Debug|Any CPU
		{88B23E8B-0540-4EC1-8746-E946B56B888D}.Debug|Any CPU.Build.0 = Debug|Any CPU
		{88B23E8B-0540-4EC1-8746-E946B56B888D}.Release|Any CPU.ActiveCfg = Release|Any CPU
		{88B23E8B-0540-4EC1-8746-E946B56B888D}.Release|Any CPU.Build.0 = Release|Any CPU
	EndGlobalSection
	GlobalSection(SolutionProperties) = preSolution
		HideSolutionNode = FALSE
	EndGlobalSection
	GlobalSection(ExtensibilityGlobals) = postSolution
		SolutionGuid = {76D10DF7-BCF4-4AD2-A01C-67B5BDB7D3EB}
	EndGlobalSection
EndGlobal
